{
  "nodes": {
    "darwin": {
      "inputs": {
        "nixpkgs": [
          "nixpkgs"
        ]
      },
      "locked": {
        "lastModified": 1777780666,
        "narHash": "sha256-8wURyQMdDkGUarSTKOGdCuFfYiwa3HbzwscUfn3STDE=",
        "owner": "lnl7",
        "repo": "nix-darwin",
        "rev": "8c62fba0854ba15c8917aed18894dbccb48a3777",
        "type": "github"
      },
      "original": {
        "owner": "lnl7",
        "repo": "nix-darwin",
        "type": "github"
      }
    },
    "home-manager": {
      "inputs": {
        "nixpkgs": [
          "nixpkgs"
        ]
      },
      "locked": {
        "lastModified": 1777977606,
        "narHash": "sha256-8ceIdvijN2tm9fIAUgnIZ8BM8TlsFx7pRYKRoxNsi1k=",
        "owner": "nix-community",
        "repo": "home-manager",
        "rev": "7ef1c04d11f7ef69fd946b118c768c32de0b89a5",
        "type": "github"
      },
      "original": {
        "owner": "nix-community",
        "repo": "home-manager",
        "type": "github"
      }
    },
    "nixos-hardware": {
      "locked": {
        "lastModified": 1777917524,
        "narHash": "sha256-k+LVe9YaO2BEPB9AaCtTtOMCeGi4dxDo6gt4Un3qoPY=",
        "owner": "nixos",
        "repo": "nixos-hardware",
        "rev": "df7783100babf59001340a7a874ba3824e441ecb",
        "type": "github"
      },
      "original": {
        "owner": "nixos",
        "repo": "nixos-hardware",
        "type": "github"
      }
    },
    "nixpkgs": {
      "locked": {
        "lastModified": 1777929473,
        "narHash": "sha256-TpVPahLM+DGWN+L/k2okrIsrjTfKLjC1xVAy1zX4G0s=",
        "owner": "nixos",
        "repo": "nixpkgs",
        "rev": "69710ea485067ba4ff64681ebde9bcc87f897dec",
        "type": "github"
      },
      "original": {
        "owner": "nixos",
        "ref": "nixos-unstable-small",
        "repo": "nixpkgs",
        "type": "github"
      }
    },
    "root": {
      "inputs": {
        "darwin": "darwin",
        "home-manager": "home-manager",
        "nixos-hardware": "nixos-hardware",
        "nixpkgs": "nixpkgs"
      }
    }
  },
  "root": "root",
  "version": 7
}
